// !$*UTF8*$!
{
	archiveVersion = 1;
	classes = {
	};
	objectVersion = 56;
	objects = {

/* Begin PBXBuildFile section */
		ADA67F2C2BA7502F00AF6A75 /* AppDelegate.swift in Sources */ = {isa = PBXBuildFile; fileRef = ADA67F2B2BA7502F00AF6A75 /* AppDelegate.swift */; };
		ADA67F2E2BA7502F00AF6A75 /* SceneDelegate.swift in Sources */ = {isa = PBXBuildFile; fileRef = ADA67F2D2BA7502F00AF6A75 /* SceneDelegate.swift */; };
		ADA67F302BA7502F00AF6A75 /* ProfileViewController.swift in Sources */ = {isa = PBXBuildFile; fileRef = ADA67F2F2BA7502F00AF6A75 /* ProfileViewController.swift */; };
		ADA67F362BA7502F00AF6A75 /* DelegatePatternPractice.xcdatamodeld in Sources */ = {isa = PBXBuildFile; fileRef = ADA67F342BA7502F00AF6A75 /* DelegatePatternPractice.xcdatamodeld */; };
		ADA67F382BA7503100AF6A75 /* Assets.xcassets in Resources */ = {isa = PBXBuildFile; fileRef = ADA67F372BA7503100AF6A75 /* Assets.xcassets */; };
		ADA67F3B2BA7503100AF6A75 /* Base in Resources */ = {isa = PBXBuildFile; fileRef = ADA67F3A2BA7503100AF6A75 /* Base */; };
		ADA67F432BA7519600AF6A75 /* EditView.swift in Sources */ = {isa = PBXBuildFile; fileRef = ADA67F422BA7519600AF6A75 /* EditView.swift */; };
		ADA67F452BA756DA00AF6A75 /* EditProfileViewController.swift in Sources */ = {isa = PBXBuildFile; fileRef = ADA67F442BA756DA00AF6A75 /* EditProfileViewController.swift */; };
		ADA67F472BA7571900AF6A75 /* ProfileView.swift in Sources */ = {isa = PBXBuildFile; fileRef = ADA67F462BA7571900AF6A75 /* ProfileView.swift */; };
		ADA67F492BA75A0100AF6A75 /* changeNameDelegate.swift in Sources */ = {isa = PBXBuildFile; fileRef = ADA67F482BA75A0100AF6A75 /* changeNameDelegate.swift */; };
/* End PBXBuildFile section */

/* Begin PBXFileReference section */
		ADA67F282BA7502F00AF6A75 /* DelegatePatternPractice.app */ = {isa = PBXFileReference; explicitFileType = wrapper.application; includeInIndex = 0; path = DelegatePatternPractice.app; sourceTree = BUILT_PRODUCTS_DIR; };
		ADA67F2B2BA7502F00AF6A75 /* AppDelegate.swift */ = {isa = PBXFileReference; lastKnownFileType = sourcecode.swift; path = AppDelegate.swift; sourceTree = "<group>"; };
		ADA67F2D2BA7502F00AF6A75 /* SceneDelegate.swift */ = {isa = PBXFileReference; lastKnownFileType = sourcecode.swift; path = SceneDelegate.swift; sourceTree = "<group>"; };
		ADA67F2F2BA7502F00AF6A75 /* ProfileViewController.swift */ = {isa = PBXFileReference; lastKnownFileType = sourcecode.swift; path = ProfileViewController.swift; sourceTree = "<group>"; };
		ADA67F352BA7502F00AF6A75 /* DelegatePatternPractice.xcdatamodel */ = {isa = PBXFileReference; lastKnownFileType = wrapper.xcdatamodel; path = DelegatePatternPractice.xcdatamodel; sourceTree = "<group>"; };
		ADA67F372BA7503100AF6A75 /* Assets.xcassets */ = {isa = PBXFileReference; lastKnownFileType = folder.assetcatalog; path = Assets.xcassets; sourceTree = "<group>"; };
		ADA67F3A2BA7503100AF6A75 /* Base */ = {isa = PBXFileReference; lastKnownFileType = file.storyboard; name = Base; path = Base.lproj/LaunchScreen.storyboard; sourceTree = "<group>"; };
		ADA67F3C2BA7503100AF6A75 /* Info.plist */ = {isa = PBXFileReference; lastKnownFileType = text.plist.xml; path = Info.plist; sourceTree = "<group>"; };
		ADA67F422BA7519600AF6A75 /* EditView.swift */ = {isa = PBXFileReference; lastKnownFileType = sourcecode.swift; path = EditView.swift; sourceTree = "<group>"; };
		ADA67F442BA756DA00AF6A75 /* EditProfileViewController.swift */ = {isa = PBXFileReference; lastKnownFileType = sourcecode.swift; path = EditProfileViewController.swift; sourceTree = "<group>"; };
		ADA67F462BA7571900AF6A75 /* ProfileView.swift */ = {isa = PBXFileReference; lastKnownFileType = sourcecode.swift; path = ProfileView.swift; sourceTree = "<group>"; };
		ADA67F482BA75A0100AF6A75 /* changeNameDelegate.swift */ = {isa = PBXFileReference; lastKnownFileType = sourcecode.swift; path = changeNameDelegate.swift; sourceTree = "<group>"; };
/* End PBXFileReference section */

/* Begin PBXFrameworksBuildPhase section */
		ADA67F252BA7502F00AF6A75 /* Frameworks */ = {
			isa = PBXFrameworksBuildPhase;
			buildActionMask = 2147483647;
			files = (
			);
			runOnlyForDeploymentPostprocessing = 0;
		};
/* End PBXFrameworksBuildPhase section */

/* Begin PBXGroup section */
		ADA67F1F2BA7502F00AF6A75 = {
			isa = PBXGroup;
			children = (
				ADA67F2A2BA7502F00AF6A75 /* DelegatePatternPractice */,
				ADA67F292BA7502F00AF6A75 /* Products */,
			);
			sourceTree = "<group>";
		};
		ADA67F292BA7502F00AF6A75 /* Products */ = {
			isa = PBXGroup;
			children = (
				ADA67F282BA7502F00AF6A75 /* DelegatePatternPractice.app */,
			);
			name = Products;
			sourceTree = "<group>";
		};
		ADA67F2A2BA7502F00AF6A75 /* DelegatePatternPractice */ = {
			isa = PBXGroup;
			children = (
				ADA67F2B2BA7502F00AF6A75 /* AppDelegate.swift */,
				ADA67F2D2BA7502F00AF6A75 /* SceneDelegate.swift */,
				ADA67F2F2BA7502F00AF6A75 /* ProfileViewController.swift */,
				ADA67F442BA756DA00AF6A75 /* EditProfileViewController.swift */,
				ADA67F372BA7503100AF6A75 /* Assets.xcassets */,
				ADA67F392BA7503100AF6A75 /* LaunchScreen.storyboard */,
				ADA67F3C2BA7503100AF6A75 /* Info.plist */,
				ADA67F342BA7502F00AF6A75 /* DelegatePatternPractice.xcdatamodeld */,
				ADA67F462BA7571900AF6A75 /* ProfileView.swift */,
				ADA67F422BA7519600AF6A75 /* EditView.swift */,
				ADA67F482BA75A0100AF6A75 /* changeNameDelegate.swift */,
			);
			path = DelegatePatternPractice;
			sourceTree = "<group>";
		};
/* End PBXGroup section */

/* Begin PBXNativeTarget section */
		ADA67F272BA7502F00AF6A75 /* DelegatePatternPractice */ = {
			isa = PBXNativeTarget;
			buildConfigurationList = ADA67F3F2BA7503100AF6A75 /* Build configuration list for PBXNativeTarget "DelegatePatternPractice" */;
			buildPhases = (
				ADA67F242BA7502F00AF6A75 /* Sources */,
				ADA67F252BA7502F00AF6A75 /* Frameworks */,
				ADA67F262BA7502F00AF6A75 /* Resources */,
			);
			buildRules = (
			);
			dependencies = (
			);
			name = DelegatePatternPractice;
			productName = DelegatePatternPractice;
			productReference = ADA67F282BA7502F00AF6A75 /* DelegatePatternPractice.app */;
			productType = "com.apple.product-type.application";
		};
/* End PBXNativeTarget section */

/* Begin PBXProject section */
		ADA67F202BA7502F00AF6A75 /* Project object */ = {
			isa = PBXProject;
			attributes = {
				BuildIndependentTargetsInParallel = 1;
				LastSwiftUpdateCheck = 1530;
				LastUpgradeCheck = 1530;
				TargetAttributes = {
					ADA67F272BA7502F00AF6A75 = {
						CreatedOnToolsVersion = 15.3;
					};
				};
			};
			buildConfigurationList = ADA67F232BA7502F00AF6A75 /* Build configuration list for PBXProject "DelegatePatternPractice" */;
			compatibilityVersion = "Xcode 14.0";
			developmentRegion = en;
			hasScannedForEncodings = 0;
			knownRegions = (
				en,
				Base,
			);
			mainGroup = ADA67F1F2BA7502F00AF6A75;
			productRefGroup = ADA67F292BA7502F00AF6A75 /* Products */;
			projectDirPath = "";
			projectRoot = "";
			targets = (
				ADA67F272BA7502F00AF6A75 /* DelegatePatternPractice */,
			);
		};
/* End PBXProject section */

/* Begin PBXResourcesBuildPhase section */
		ADA67F262BA7502F00AF6A75 /* Resources */ = {
			isa = PBXResourcesBuildPhase;
			buildActionMask = 2147483647;
			files = (
				ADA67F382BA7503100AF6A75 /* Assets.xcassets in Resources */,
				ADA67F3B2BA7503100AF6A75 /* Base in Resources */,
			);
			runOnlyForDeploymentPostprocessing = 0;
		};
/* End PBXResourcesBuildPhase section */

/* Begin PBXSourcesBuildPhase section */
		ADA67F242BA7502F00AF6A75 /* Sources */ = {
			isa = PBXSourcesBuildPhase;
			buildActionMask = 2147483647;
			files = (
				ADA67F362BA7502F00AF6A75 /* DelegatePatternPractice.xcdatamodeld in Sources */,
				ADA67F302BA7502F00AF6A75 /* ProfileViewController.swift in Sources */,
				ADA67F452BA756DA00AF6A75 /* EditProfileViewController.swift in Sources */,
				ADA67F432BA7519600AF6A75 /* EditView.swift in Sources */,
				ADA67F2C2BA7502F00AF6A75 /* AppDelegate.swift in Sources */,
				ADA67F492BA75A0100AF6A75 /* changeNameDelegate.swift in Sources */,
				ADA67F472BA7571900AF6A75 /* ProfileView.swift in Sources */,
				ADA67F2E2BA7502F00AF6A75 /* SceneDelegate.swift in Sources */,
			);
			runOnlyForDeploymentPostprocessing = 0;
		};
/* End PBXSourcesBuildPhase section */

/* Begin PBXVariantGroup section */
		ADA67F392BA7503100AF6A75 /* LaunchScreen.storyboard */ = {
			isa = PBXVariantGroup;
			children = (
				ADA67F3A2BA7503100AF6A75 /* Base */,
			);
			name = LaunchScreen.storyboard;
			sourceTree = "<group>";
		};
/* End PBXVariantGroup section */

/* Begin XCBuildConfiguration section */
		ADA67F3D2BA7503100AF6A75 /* Debug */ = {
			isa = XCBuildConfiguration;
			buildSettings = {
				ALWAYS_SEARCH_USER_PATHS = NO;
				ASSETCATALOG_COMPILER_GENERATE_SWIFT_ASSET_SYMBOL_EXTENSIONS = YES;
				CLANG_ANALYZER_NONNULL = YES;
				CLANG_ANALYZER_NUMBER_OBJECT_CONVERSION = YES_AGGRESSIVE;
				CLANG_CXX_LANGUAGE_STANDARD = "gnu++20";
				CLANG_ENABLE_MODULES = YES;
				CLANG_ENABLE_OBJC_ARC = YES;
				CLANG_ENABLE_OBJC_WEAK = YES;
				CLANG_WARN_BLOCK_CAPTURE_AUTORELEASING = YES;
				CLANG_WARN_BOOL_CONVERSION = YES;
				CLANG_WARN_COMMA = YES;
				CLANG_WARN_CONSTANT_CONVERSION = YES;
				CLANG_WARN_DEPRECATED_OBJC_IMPLEMENTATIONS = YES;
				CLANG_WARN_DIRECT_OBJC_ISA_USAGE = YES_ERROR;
				CLANG_WARN_DOCUMENTATION_COMMENTS = YES;
				CLANG_WARN_EMPTY_BODY = YES;
				CLANG_WARN_ENUM_CONVERSION = YES;
				CLANG_WARN_INFINITE_RECURSION = YES;
				CLANG_WARN_INT_CONVERSION = YES;
				CLANG_WARN_NON_LITERAL_NULL_CONVERSION = YES;
				CLANG_WARN_OBJC_IMPLICIT_RETAIN_SELF = YES;
				CLANG_WARN_OBJC_LITERAL_CONVERSION = YES;
				CLANG_WARN_OBJC_ROOT_CLASS = YES_ERROR;
				CLANG_WARN_QUOTED_INCLUDE_IN_FRAMEWORK_HEADER = YES;
				CLANG_WARN_RANGE_LOOP_ANALYSIS = YES;
				CLANG_WARN_STRICT_PROTOTYPES = YES;
				CLANG_WARN_SUSPICIOUS_MOVE = YES;
				CLANG_WARN_UNGUARDED_AVAILABILITY = YES_AGGRESSIVE;
				CLANG_WARN_UNREACHABLE_CODE = YES;
				CLANG_WARN__DUPLICATE_METHOD_MATCH = YES;
				COPY_PHASE_STRIP = NO;
				DEBUG_INFORMATION_FORMAT = dwarf;
				ENABLE_STRICT_OBJC_MSGSEND = YES;
				ENABLE_TESTABILITY = YES;
				ENABLE_USER_SCRIPT_SANDBOXING = YES;
				GCC_C_LANGUAGE_STANDARD = gnu17;
				GCC_DYNAMIC_NO_PIC = NO;
				GCC_NO_COMMON_BLOCKS = YES;
				GCC_OPTIMIZATION_LEVEL = 0;
				GCC_PREPROCESSOR_DEFINITIONS = (
					"DEBUG=1",
					"$(inherited)",
				);
				GCC_WARN_64_TO_32_BIT_CONVERSION = YES;
				GCC_WARN_ABOUT_RETURN_TYPE = YES_ERROR;
				GCC_WARN_UNDECLARED_SELECTOR = YES;
				GCC_WARN_UNINITIALIZED_AUTOS = YES_AGGRESSIVE;
				GCC_WARN_UNUSED_FUNCTION = YES;
				GCC_WARN_UNUSED_VARIABLE = YES;
				IPHONEOS_DEPLOYMENT_TARGET = 17.4;
				LOCALIZATION_PREFERS_STRING_CATALOGS = YES;
				MTL_ENABLE_DEBUG_INFO = INCLUDE_SOURCE;
				MTL_FAST_MATH = YES;
				ONLY_ACTIVE_ARCH = YES;
				SDKROOT = iphoneos;
				SWIFT_ACTIVE_COMPILATION_CONDITIONS = "DEBUG $(inherited)";
				SWIFT_OPTIMIZATION_LEVEL = "-Onone";
			};
			name = Debug;
		};
		ADA67F3E2BA7503100AF6A75 /* Release */ = {
			isa = XCBuildConfiguration;
			buildSettings = {
				ALWAYS_SEARCH_USER_PATHS = NO;
				ASSETCATALOG_COMPILER_GENERATE_SWIFT_ASSET_SYMBOL_EXTENSIONS = YES;
				CLANG_ANALYZER_NONNULL = YES;
				CLANG_ANALYZER_NUMBER_OBJECT_CONVERSION = YES_AGGRESSIVE;
				CLANG_CXX_LANGUAGE_STANDARD = "gnu++20";
				CLANG_ENABLE_MODULES = YES;
				CLANG_ENABLE_OBJC_ARC = YES;
				CLANG_ENABLE_OBJC_WEAK = YES;
				CLANG_WARN_BLOCK_CAPTURE_AUTORELEASING = YES;
				CLANG_WARN_BOOL_CONVERSION = YES;
				CLANG_WARN_COMMA = YES;
				CLANG_WARN_CONSTANT_CONVERSION = YES;
				CLANG_WARN_DEPRECATED_OBJC_IMPLEMENTATIONS = YES;
				CLANG_WARN_DIRECT_OBJC_ISA_USAGE = YES_ERROR;
				CLANG_WARN_DOCUMENTATION_COMMENTS = YES;
				CLANG_WARN_EMPTY_BODY = YES;
				CLANG_WARN_ENUM_CONVERSION = YES;
				CLANG_WARN_INFINITE_RECURSION = YES;
				CLANG_WARN_INT_CONVERSION = YES;
				CLANG_WARN_NON_LITERAL_NULL_CONVERSION = YES;
				CLANG_WARN_OBJC_IMPLICIT_RETAIN_SELF = YES;
				CLANG_WARN_OBJC_LITERAL_CONVERSION = YES;
				CLANG_WARN_OBJC_ROOT_CLASS = YES_ERROR;
				CLANG_WARN_QUOTED_INCLUDE_IN_FRAMEWORK_HEADER = YES;
				CLANG_WARN_RANGE_LOOP_ANALYSIS = YES;
				CLANG_WARN_STRICT_PROTOTYPES = YES;
				CLANG_WARN_SUSPICIOUS_MOVE = YES;
				CLANG_WARN_UNGUARDED_AVAILABILITY = YES_AGGRESSIVE;
				CLANG_WARN_UNREACHABLE_CODE = YES;
				CLANG_WARN__DUPLICATE_METHOD_MATCH = YES;
				COPY_PHASE_STRIP = NO;
				DEBUG_INFORMATION_FORMAT = "dwarf-with-dsym";
				ENABLE_NS_ASSERTIONS = NO;
				ENABLE_STRICT_OBJC_MSGSEND = YES;
				ENABLE_USER_SCRIPT_SANDBOXING = YES;
				GCC_C_LANGUAGE_STANDARD = gnu17;
				GCC_NO_COMMON_BLOCKS = YES;
				GCC_WARN_64_TO_32_BIT_CONVERSION = YES;
				GCC_WARN_ABOUT_RETURN_TYPE = YES_ERROR;
				GCC_WARN_UNDECLARED_SELECTOR = YES;
				GCC_WARN_UNINITIALIZED_AUTOS = YES_AGGRESSIVE;
				GCC_WARN_UNUSED_FUNCTION = YES;
				GCC_WARN_UNUSED_VARIABLE = YES;
				IPHONEOS_DEPLOYMENT_TARGET = 17.4;
				LOCALIZATION_PREFERS_STRING_CATALOGS = YES;
				MTL_ENABLE_DEBUG_INFO = NO;
				MTL_FAST_MATH = YES;
				SDKROOT = iphoneos;
				SWIFT_COMPILATION_MODE = wholemodule;
				VALIDATE_PRODUCT = YES;
			};
			name = Release;
		};
		ADA67F402BA7503100AF6A75 /* Debug */ = {
			isa = XCBuildConfiguration;
			buildSettings = {
				ASSETCATALOG_COMPILER_APPICON_NAME = AppIcon;
				ASSETCATALOG_COMPILER_GLOBAL_ACCENT_COLOR_NAME = AccentColor;
				CODE_SIGN_STYLE = Automatic;
				CURRENT_PROJECT_VERSION = 1;
				DEVELOPMENT_TEAM = P9NXT375QP;
				GENERATE_INFOPLIST_FILE = YES;
				INFOPLIST_FILE = DelegatePatternPractice/Info.plist;
				INFOPLIST_KEY_UIApplicationSupportsIndirectInputEvents = YES;
				INFOPLIST_KEY_UILaunchStoryboardName = LaunchScreen;
				INFOPLIST_KEY_UISupportedInterfaceOrientations_iPad = "UIInterfaceOrientationPortrait UIInterfaceOrientationPortraitUpsideDown UIInterfaceOrientationLandscapeLeft UIInterfaceOrientationLandscapeRight";
				INFOPLIST_KEY_UISupportedInterfaceOrientations_iPhone = "UIInterfaceOrientationPortrait UIInterfaceOrientationLandscapeLeft UIInterfaceOrientationLandscapeRight";
				LD_RUNPATH_SEARCH_PATHS = (
					"$(inherited)",
					"@executable_path/Frameworks",
				);
				MARKETING_VERSION = 1.0;
				PRODUCT_BUNDLE_IDENTIFIER = com.leral3.DelegatePatternPractice;
				PRODUCT_NAME = "$(TARGET_NAME)";
				SWIFT_EMIT_LOC_STRINGS = YES;
				SWIFT_VERSION = 5.0;
				TARGETED_DEVICE_FAMILY = "1,2";
			};
			name = Debug;
		};
		ADA67F412BA7503100AF6A75 /* Release */ = {
			isa = XCBuildConfiguration;
			buildSettings = {
				ASSETCATALOG_COMPILER_APPICON_NAME = AppIcon;
				ASSETCATALOG_COMPILER_GLOBAL_ACCENT_COLOR_NAME = AccentColor;
				CODE_SIGN_STYLE = Automatic;
				CURRENT_PROJECT_VERSION = 1;
				DEVELOPMENT_TEAM = P9NXT375QP;
				GENERATE_INFOPLIST_FILE = YES;
				INFOPLIST_FILE = DelegatePatternPractice/Info.plist;
				INFOPLIST_KEY_UIApplicationSupportsIndirectInputEvents = YES;
				INFOPLIST_KEY_UILaunchStoryboardName = LaunchScreen;
				INFOPLIST_KEY_UISupportedInterfaceOrientations_iPad = "UIInterfaceOrientationPortrait UIInterfaceOrientationPortraitUpsideDown UIInterfaceOrientationLandscapeLeft UIInterfaceOrientationLandscapeRight";
				INFOPLIST_KEY_UISupportedInterfaceOrientations_iPhone = "UIInterfaceOrientationPortrait UIInterfaceOrientationLandscapeLeft UIInterfaceOrientationLandscapeRight";
				LD_RUNPATH_SEARCH_PATHS = (
					"$(inherited)",
					"@executable_path/Frameworks",
				);
				MARKETING_VERSION = 1.0;
				PRODUCT_BUNDLE_IDENTIFIER = com.leral3.DelegatePatternPractice;
				PRODUCT_NAME = "$(TARGET_NAME)";
				SWIFT_EMIT_LOC_STRINGS = YES;
				SWIFT_VERSION = 5.0;
				TARGETED_DEVICE_FAMILY = "1,2";
			};
			name = Release;
		};
/* End XCBuildConfiguration section */

/* Begin XCConfigurationList section */
		ADA67F232BA7502F00AF6A75 /* Build configuration list for PBXProject "DelegatePatternPractice" */ = {
			isa = XCConfigurationList;
			buildConfigurations = (
				ADA67F3D2BA7503100AF6A75 /* Debug */,
				ADA67F3E2BA7503100AF6A75 /* Release */,
			);
			defaultConfigurationIsVisible = 0;
			defaultConfigurationName = Release;
		};
		ADA67F3F2BA7503100AF6A75 /* Build configuration list for PBXNativeTarget "DelegatePatternPractice" */ = {
			isa = XCConfigurationList;
			buildConfigurations = (
				ADA67F402BA7503100AF6A75 /* Debug */,
				ADA67F412BA7503100AF6A75 /* Release */,
			);
			defaultConfigurationIsVisible = 0;
			defaultConfigurationName = Release;
		};
/* End XCConfigurationList section */

/* Begin XCVersionGroup section */
		ADA67F342BA7502F00AF6A75 /* DelegatePatternPractice.xcdatamodeld */ = {
			isa = XCVersionGroup;
			children = (
				ADA67F352BA7502F00AF6A75 /* DelegatePatternPractice.xcdatamodel */,
			);
			currentVersion = ADA67F352BA7502F00AF6A75 /* DelegatePatternPractice.xcdatamodel */;
			path = DelegatePatternPractice.xcdatamodeld;
			sourceTree = "<group>";
			versionGroupType = wrapper.xcdatamodel;
		};
/* End XCVersionGroup section */
	};
	rootObject = ADA67F202BA7502F00AF6A75 /* Project object */;
}
